
Microsoft Visual Studio Solution File, Format Version 12.00
# Visual Studio 2012
Project("{FAE04EC0-301F-11D3-BF4B-00C04F79EFBC}") = "SentSplitter", "SentSplitter\SentSplitter.csproj", "{945A3CAA-EF28-4344-8DBB-7EBEB4BE0301}"
EndProject
Project("{FAE04EC0-301F-11D3-BF4B-00C04F79EFBC}") = "ss.web.demo", "ss.web.demo\ss.web.demo.csproj", "{497B7E0F-D5DE-40A2-9C73-40A00A2EF941}"
EndProject
Project("{2150E333-8FDC-42A3-9474-1A3956D46DE8}") = "[lib]", "[lib]", "{BEFF6A22-E465-4EC3-AE8F-EBB0E414AF6E}"
	ProjectSection(SolutionItems) = preProject
		[lib]\Newtonsoft.Json.dll = [lib]\Newtonsoft.Json.dll
	EndProjectSection
EndProject
Global
	GlobalSection(SolutionConfigurationPlatforms) = preSolution
		Debug|Any CPU = Debug|Any CPU
		Release|Any CPU = Release|Any CPU
	EndGlobalSection
	GlobalSection(ProjectConfigurationPlatforms) = postSolution
		{945A3CAA-EF28-4344-8DBB-7EBEB4BE0301}.Debug|Any CPU.ActiveCfg = Debug|Any CPU
		{945A3CAA-EF28-4344-8DBB-7EBEB4BE0301}.Debug|Any CPU.Build.0 = Debug|Any CPU
		{945A3CAA-EF28-4344-8DBB-7EBEB4BE0301}.Release|Any CPU.ActiveCfg = Release|Any CPU
		{945A3CAA-EF28-4344-8DBB-7EBEB4BE0301}.Release|Any CPU.Build.0 = Release|Any CPU
		{497B7E0F-D5DE-40A2-9C73-40A00A2EF941}.Debug|Any CPU.ActiveCfg = Debug|Any CPU
		{497B7E0F-D5DE-40A2-9C73-40A00A2EF941}.Debug|Any CPU.Build.0 = Debug|Any CPU
		{497B7E0F-D5DE-40A2-9C73-40A00A2EF941}.Release|Any CPU.ActiveCfg = Release|Any CPU
		{497B7E0F-D5DE-40A2-9C73-40A00A2EF941}.Release|Any CPU.Build.0 = Release|Any CPU
	EndGlobalSection
	GlobalSection(SolutionProperties) = preSolution
		HideSolutionNode = FALSE
	EndGlobalSection
EndGlobal
